
Microsoft Visual Studio Solution File, Format Version 12.00
# Visual Studio Version 17
VisualStudioVersion = 17.13.35825.156
MinimumVisualStudioVersion = 10.0.40219.1
Project("{FAE04EC0-301F-11D3-BF4B-00C04F79EFBC}") = "WebFileSystem.Api", "WebFileSystem.Api\WebFileSystem.Api.csproj", "{1FF05629-E102-4947-B8B5-776BD0885657}"
EndProject
Project("{FAE04EC0-301F-11D3-BF4B-00C04F79EFBC}") = "WebFileSystem.Service", "WebFileSystem.Service\WebFileSystem.Service.csproj", "{1419C9D3-9234-4D23-86DA-54F2E38E439B}"
EndProject
Project("{FAE04EC0-301F-11D3-BF4B-00C04F79EFBC}") = "WebFileSystem.StorageBroker", "WebFileSystem.StorageBroker\WebFileSystem.StorageBroker.csproj", "{9388A8C6-6418-415F-973C-F0AE8538725A}"
EndProject
Global
	GlobalSection(SolutionConfigurationPlatforms) = preSolution
		Debug|Any CPU = Debug|Any CPU
		Release|Any CPU = Release|Any CPU
	EndGlobalSection
	GlobalSection(ProjectConfigurationPlatforms) = postSolution
		{1FF05629-E102-4947-B8B5-776BD0885657}.Debug|Any CPU.ActiveCfg = Debug|Any CPU
		{1FF05629-E102-4947-B8B5-776BD0885657}.Debug|Any CPU.Build.0 = Debug|Any CPU
		{1FF05629-E102-4947-B8B5-776BD0885657}.Release|Any CPU.ActiveCfg = Release|Any CPU
		{1FF05629-E102-4947-B8B5-776BD0885657}.Release|Any CPU.Build.0 = Release|Any CPU
		{1419C9D3-9234-4D23-86DA-54F2E38E439B}.Debug|Any CPU.ActiveCfg = Debug|Any CPU
		{1419C9D3-9234-4D23-86DA-54F2E38E439B}.Debug|Any CPU.Build.0 = Debug|Any CPU
		{1419C9D3-9234-4D23-86DA-54F2E38E439B}.Release|Any CPU.ActiveCfg = Release|Any CPU
		{1419C9D3-9234-4D23-86DA-54F2E38E439B}.Release|Any CPU.Build.0 = Release|Any CPU
		{9388A8C6-6418-415F-973C-F0AE8538725A}.Debug|Any CPU.ActiveCfg = Debug|Any CPU
		{9388A8C6-6418-415F-973C-F0AE8538725A}.Debug|Any CPU.Build.0 = Debug|Any CPU
		{9388A8C6-6418-415F-973C-F0AE8538725A}.Release|Any CPU.ActiveCfg = Release|Any CPU
		{9388A8C6-6418-415F-973C-F0AE8538725A}.Release|Any CPU.Build.0 = Release|Any CPU
	EndGlobalSection
	GlobalSection(SolutionProperties) = preSolution
		HideSolutionNode = FALSE
	EndGlobalSection
	GlobalSection(ExtensibilityGlobals) = postSolution
		SolutionGuid = {2B518498-186E-4771-8934-C0065C189EBC}
	EndGlobalSection
EndGlobal
